// !$*UTF8*$!
{
	archiveVersion = 1;
	classes = {
	};
	objectVersion = 46;
	objects = {

/* Begin PBXBuildFile section */
		CFC20FB11C072BFC0039AA52 /* AppDelegate.swift in Sources */ = {isa = PBXBuildFile; fileRef = CFC20FB01C072BFC0039AA52 /* AppDelegate.swift */; };
		CFC20FB31C072BFC0039AA52 /* ViewController.swift in Sources */ = {isa = PBXBuildFile; fileRef = CFC20FB21C072BFC0039AA52 /* ViewController.swift */; };
		CFC20FB61C072BFC0039AA52 /* Main.storyboard in Resources */ = {isa = PBXBuildFile; fileRef = CFC20FB41C072BFC0039AA52 /* Main.storyboard */; };
		CFC20FB81C072BFC0039AA52 /* Assets.xcassets in Resources */ = {isa = PBXBuildFile; fileRef = CFC20FB71C072BFC0039AA52 /* Assets.xcassets */; };
		CFC20FBB1C072BFC0039AA52 /* LaunchScreen.storyboard in Resources */ = {isa = PBXBuildFile; fileRef = CFC20FB91C072BFC0039AA52 /* LaunchScreen.storyboard */; };
		CFC20FC61C072BFC0039AA52 /* AdvExtraSwift_Lab01Tests.swift in Sources */ = {isa = PBXBuildFile; fileRef = CFC20FC51C072BFC0039AA52 /* AdvExtraSwift_Lab01Tests.swift */; };
		CFC20FD11C072BFC0039AA52 /* AdvExtraSwift_Lab01UITests.swift in Sources */ = {isa = PBXBuildFile; fileRef = CFC20FD01C072BFC0039AA52 /* AdvExtraSwift_Lab01UITests.swift */; };
/* End PBXBuildFile section */

/* Begin PBXContainerItemProxy section */
		CFC20FC21C072BFC0039AA52 /* PBXContainerItemProxy */ = {
			isa = PBXContainerItemProxy;
			containerPortal = CFC20FA51C072BFB0039AA52 /* Project object */;
			proxyType = 1;
			remoteGlobalIDString = CFC20FAC1C072BFB0039AA52;
			remoteInfo = AdvExtraSwift_Lab01;
		};
		CFC20FCD1C072BFC0039AA52 /* PBXContainerItemProxy */ = {
			isa = PBXContainerItemProxy;
			containerPortal = CFC20FA51C072BFB0039AA52 /* Project object */;
			proxyType = 1;
			remoteGlobalIDString = CFC20FAC1C072BFB0039AA52;
			remoteInfo = AdvExtraSwift_Lab01;
		};
/* End PBXContainerItemProxy section */

/* Begin PBXFileReference section */
		CFC20FAD1C072BFC0039AA52 /* AdvExtraSwift_Lab01.app */ = {isa = PBXFileReference; explicitFileType = wrapper.application; includeInIndex = 0; path = AdvExtraSwift_Lab01.app; sourceTree = BUILT_PRODUCTS_DIR; };
		CFC20FB01C072BFC0039AA52 /* AppDelegate.swift */ = {isa = PBXFileReference; lastKnownFileType = sourcecode.swift; path = AppDelegate.swift; sourceTree = "<group>"; };
		CFC20FB21C072BFC0039AA52 /* ViewController.swift */ = {isa = PBXFileReference; lastKnownFileType = sourcecode.swift; path = ViewController.swift; sourceTree = "<group>"; };
		CFC20FB51C072BFC0039AA52 /* Base */ = {isa = PBXFileReference; lastKnownFileType = file.storyboard; name = Base; path = Base.lproj/Main.storyboard; sourceTree = "<group>"; };
		CFC20FB71C072BFC0039AA52 /* Assets.xcassets */ = {isa = PBXFileReference; lastKnownFileType = folder.assetcatalog; path = Assets.xcassets; sourceTree = "<group>"; };
		CFC20FBA1C072BFC0039AA52 /* Base */ = {isa = PBXFileReference; lastKnownFileType = file.storyboard; name = Base; path = Base.lproj/LaunchScreen.storyboard; sourceTree = "<group>"; };
		CFC20FBC1C072BFC0039AA52 /* Info.plist */ = {isa = PBXFileReference; lastKnownFileType = text.plist.xml; path = Info.plist; sourceTree = "<group>"; };
		CFC20FC11C072BFC0039AA52 /* AdvExtraSwift_Lab01Tests.xctest */ = {isa = PBXFileReference; explicitFileType = wrapper.cfbundle; includeInIndex = 0; path = AdvExtraSwift_Lab01Tests.xctest; sourceTree = BUILT_PRODUCTS_DIR; };
		CFC20FC51C072BFC0039AA52 /* AdvExtraSwift_Lab01Tests.swift */ = {isa = PBXFileReference; lastKnownFileType = sourcecode.swift; path = AdvExtraSwift_Lab01Tests.swift; sourceTree = "<group>"; };
		CFC20FC71C072BFC0039AA52 /* Info.plist */ = {isa = PBXFileReference; lastKnownFileType = text.plist.xml; path = Info.plist; sourceTree = "<group>"; };
		CFC20FCC1C072BFC0039AA52 /* AdvExtraSwift_Lab01UITests.xctest */ = {isa = PBXFileReference; explicitFileType = wrapper.cfbundle; includeInIndex = 0; path = AdvExtraSwift_Lab01UITests.xctest; sourceTree = BUILT_PRODUCTS_DIR; };
		CFC20FD01C072BFC0039AA52 /* AdvExtraSwift_Lab01UITests.swift */ = {isa = PBXFileReference; lastKnownFileType = sourcecode.swift; path = AdvExtraSwift_Lab01UITests.swift; sourceTree = "<group>"; };
		CFC20FD21C072BFC0039AA52 /* Info.plist */ = {isa = PBXFileReference; lastKnownFileType = text.plist.xml; path = Info.plist; sourceTree = "<group>"; };
/* End PBXFileReference section */

/* Begin PBXFrameworksBuildPhase section */
		CFC20FAA1C072BFB0039AA52 /* Frameworks */ = {
			isa = PBXFrameworksBuildPhase;
			buildActionMask = 2147483647;
			files = (
			);
			runOnlyForDeploymentPostprocessing = 0;
		};
		CFC20FBE1C072BFC0039AA52 /* Frameworks */ = {
			isa = PBXFrameworksBuildPhase;
			buildActionMask = 2147483647;
			files = (
			);
			runOnlyForDeploymentPostprocessing = 0;
		};
		CFC20FC91C072BFC0039AA52 /* Frameworks */ = {
			isa = PBXFrameworksBuildPhase;
			buildActionMask = 2147483647;
			files = (
			);
			runOnlyForDeploymentPostprocessing = 0;
		};
/* End PBXFrameworksBuildPhase section */

/* Begin PBXGroup section */
		CFC20FA41C072BFB0039AA52 = {
			isa = PBXGroup;
			children = (
				CFC20FAF1C072BFC0039AA52 /* AdvExtraSwift_Lab01 */,
				CFC20FC41C072BFC0039AA52 /* AdvExtraSwift_Lab01Tests */,
				CFC20FCF1C072BFC0039AA52 /* AdvExtraSwift_Lab01UITests */,
				CFC20FAE1C072BFC0039AA52 /* Products */,
			);
			sourceTree = "<group>";
		};
		CFC20FAE1C072BFC0039AA52 /* Products */ = {
			isa = PBXGroup;
			children = (
				CFC20FAD1C072BFC0039AA52 /* AdvExtraSwift_Lab01.app */,
				CFC20FC11C072BFC0039AA52 /* AdvExtraSwift_Lab01Tests.xctest */,
				CFC20FCC1C072BFC0039AA52 /* AdvExtraSwift_Lab01UITests.xctest */,
			);
			name = Products;
			sourceTree = "<group>";
		};
		CFC20FAF1C072BFC0039AA52 /* AdvExtraSwift_Lab01 */ = {
			isa = PBXGroup;
			children = (
				CFC20FB01C072BFC0039AA52 /* AppDelegate.swift */,
				CFC20FB21C072BFC0039AA52 /* ViewController.swift */,
				CFC20FB41C072BFC0039AA52 /* Main.storyboard */,
				CFC20FB71C072BFC0039AA52 /* Assets.xcassets */,
				CFC20FB91C072BFC0039AA52 /* LaunchScreen.storyboard */,
				CFC20FBC1C072BFC0039AA52 /* Info.plist */,
			);
			path = AdvExtraSwift_Lab01;
			sourceTree = "<group>";
		};
		CFC20FC41C072BFC0039AA52 /* AdvExtraSwift_Lab01Tests */ = {
			isa = PBXGroup;
			children = (
				CFC20FC51C072BFC0039AA52 /* AdvExtraSwift_Lab01Tests.swift */,
				CFC20FC71C072BFC0039AA52 /* Info.plist */,
			);
			path = AdvExtraSwift_Lab01Tests;
			sourceTree = "<group>";
		};
		CFC20FCF1C072BFC0039AA52 /* AdvExtraSwift_Lab01UITests */ = {
			isa = PBXGroup;
			children = (
				CFC20FD01C072BFC0039AA52 /* AdvExtraSwift_Lab01UITests.swift */,
				CFC20FD21C072BFC0039AA52 /* Info.plist */,
			);
			path = AdvExtraSwift_Lab01UITests;
			sourceTree = "<group>";
		};
/* End PBXGroup section */

/* Begin PBXNativeTarget section */
		CFC20FAC1C072BFB0039AA52 /* AdvExtraSwift_Lab01 */ = {
			isa = PBXNativeTarget;
			buildConfigurationList = CFC20FD51C072BFC0039AA52 /* Build configuration list for PBXNativeTarget "AdvExtraSwift_Lab01" */;
			buildPhases = (
				CFC20FA91C072BFB0039AA52 /* Sources */,
				CFC20FAA1C072BFB0039AA52 /* Frameworks */,
				CFC20FAB1C072BFB0039AA52 /* Resources */,
			);
			buildRules = (
			);
			dependencies = (
			);
			name = AdvExtraSwift_Lab01;
			productName = AdvExtraSwift_Lab01;
			productReference = CFC20FAD1C072BFC0039AA52 /* AdvExtraSwift_Lab01.app */;
			productType = "com.apple.product-type.application";
		};
		CFC20FC01C072BFC0039AA52 /* AdvExtraSwift_Lab01Tests */ = {
			isa = PBXNativeTarget;
			buildConfigurationList = CFC20FD81C072BFC0039AA52 /* Build configuration list for PBXNativeTarget "AdvExtraSwift_Lab01Tests" */;
			buildPhases = (
				CFC20FBD1C072BFC0039AA52 /* Sources */,
				CFC20FBE1C072BFC0039AA52 /* Frameworks */,
				CFC20FBF1C072BFC0039AA52 /* Resources */,
			);
			buildRules = (
			);
			dependencies = (
				CFC20FC31C072BFC0039AA52 /* PBXTargetDependency */,
			);
			name = AdvExtraSwift_Lab01Tests;
			productName = AdvExtraSwift_Lab01Tests;
			productReference = CFC20FC11C072BFC0039AA52 /* AdvExtraSwift_Lab01Tests.xctest */;
			productType = "com.apple.product-type.bundle.unit-test";
		};
		CFC20FCB1C072BFC0039AA52 /* AdvExtraSwift_Lab01UITests */ = {
			isa = PBXNativeTarget;
			buildConfigurationList = CFC20FDB1C072BFC0039AA52 /* Build configuration list for PBXNativeTarget "AdvExtraSwift_Lab01UITests" */;
			buildPhases = (
				CFC20FC81C072BFC0039AA52 /* Sources */,
				CFC20FC91C072BFC0039AA52 /* Frameworks */,
				CFC20FCA1C072BFC0039AA52 /* Resources */,
			);
			buildRules = (
			);
			dependencies = (
				CFC20FCE1C072BFC0039AA52 /* PBXTargetDependency */,
			);
			name = AdvExtraSwift_Lab01UITests;
			productName = AdvExtraSwift_Lab01UITests;
			productReference = CFC20FCC1C072BFC0039AA52 /* AdvExtraSwift_Lab01UITests.xctest */;
			productType = "com.apple.product-type.bundle.ui-testing";
		};
/* End PBXNativeTarget section */

/* Begin PBXProject section */
		CFC20FA51C072BFB0039AA52 /* Project object */ = {
			isa = PBXProject;
			attributes = {
				LastUpgradeCheck = 0700;
				ORGANIZATIONNAME = "Tran Duc Hieu";
				TargetAttributes = {
					CFC20FAC1C072BFB0039AA52 = {
						CreatedOnToolsVersion = 7.0.1;
					};
					CFC20FC01C072BFC0039AA52 = {
						CreatedOnToolsVersion = 7.0.1;
						TestTargetID = CFC20FAC1C072BFB0039AA52;
					};
					CFC20FCB1C072BFC0039AA52 = {
						CreatedOnToolsVersion = 7.0.1;
						TestTargetID = CFC20FAC1C072BFB0039AA52;
					};
				};
			};
			buildConfigurationList = CFC20FA81C072BFB0039AA52 /* Build configuration list for PBXProject "AdvExtraSwift_Lab01" */;
			compatibilityVersion = "Xcode 3.2";
			developmentRegion = English;
			hasScannedForEncodings = 0;
			knownRegions = (
				en,
				Base,
			);
			mainGroup = CFC20FA41C072BFB0039AA52;
			productRefGroup = CFC20FAE1C072BFC0039AA52 /* Products */;
			projectDirPath = "";
			projectRoot = "";
			targets = (
				CFC20FAC1C072BFB0039AA52 /* AdvExtraSwift_Lab01 */,
				CFC20FC01C072BFC0039AA52 /* AdvExtraSwift_Lab01Tests */,
				CFC20FCB1C072BFC0039AA52 /* AdvExtraSwift_Lab01UITests */,
			);
		};
/* End PBXProject section */

/* Begin PBXResourcesBuildPhase section */
		CFC20FAB1C072BFB0039AA52 /* Resources */ = {
			isa = PBXResourcesBuildPhase;
			buildActionMask = 2147483647;
			files = (
				CFC20FBB1C072BFC0039AA52 /* LaunchScreen.storyboard in Resources */,
				CFC20FB81C072BFC0039AA52 /* Assets.xcassets in Resources */,
				CFC20FB61C072BFC0039AA52 /* Main.storyboard in Resources */,
			);
			runOnlyForDeploymentPostprocessing = 0;
		};
		CFC20FBF1C072BFC0039AA52 /* Resources */ = {
			isa = PBXResourcesBuildPhase;
			buildActionMask = 2147483647;
			files = (
			);
			runOnlyForDeploymentPostprocessing = 0;
		};
		CFC20FCA1C072BFC0039AA52 /* Resources */ = {
			isa = PBXResourcesBuildPhase;
			buildActionMask = 2147483647;
			files = (
			);
			runOnlyForDeploymentPostprocessing = 0;
		};
/* End PBXResourcesBuildPhase section */

/* Begin PBXSourcesBuildPhase section */
		CFC20FA91C072BFB0039AA52 /* Sources */ = {
			isa = PBXSourcesBuildPhase;
			buildActionMask = 2147483647;
			files = (
				CFC20FB31C072BFC0039AA52 /* ViewController.swift in Sources */,
				CFC20FB11C072BFC0039AA52 /* AppDelegate.swift in Sources */,
			);
			runOnlyForDeploymentPostprocessing = 0;
		};
		CFC20FBD1C072BFC0039AA52 /* Sources */ = {
			isa = PBXSourcesBuildPhase;
			buildActionMask = 2147483647;
			files = (
				CFC20FC61C072BFC0039AA52 /* AdvExtraSwift_Lab01Tests.swift in Sources */,
			);
			runOnlyForDeploymentPostprocessing = 0;
		};
		CFC20FC81C072BFC0039AA52 /* Sources */ = {
			isa = PBXSourcesBuildPhase;
			buildActionMask = 2147483647;
			files = (
				CFC20FD11C072BFC0039AA52 /* AdvExtraSwift_Lab01UITests.swift in Sources */,
			);
			runOnlyForDeploymentPostprocessing = 0;
		};
/* End PBXSourcesBuildPhase section */

/* Begin PBXTargetDependency section */
		CFC20FC31C072BFC0039AA52 /* PBXTargetDependency */ = {
			isa = PBXTargetDependency;
			target = CFC20FAC1C072BFB0039AA52 /* AdvExtraSwift_Lab01 */;
			targetProxy = CFC20FC21C072BFC0039AA52 /* PBXContainerItemProxy */;
		};
		CFC20FCE1C072BFC0039AA52 /* PBXTargetDependency */ = {
			isa = PBXTargetDependency;
			target = CFC20FAC1C072BFB0039AA52 /* AdvExtraSwift_Lab01 */;
			targetProxy = CFC20FCD1C072BFC0039AA52 /* PBXContainerItemProxy */;
		};
/* End PBXTargetDependency section */

/* Begin PBXVariantGroup section */
		CFC20FB41C072BFC0039AA52 /* Main.storyboard */ = {
			isa = PBXVariantGroup;
			children = (
				CFC20FB51C072BFC0039AA52 /* Base */,
			);
			name = Main.storyboard;
			sourceTree = "<group>";
		};
		CFC20FB91C072BFC0039AA52 /* LaunchScreen.storyboard */ = {
			isa = PBXVariantGroup;
			children = (
				CFC20FBA1C072BFC0039AA52 /* Base */,
			);
			name = LaunchScreen.storyboard;
			sourceTree = "<group>";
		};
/* End PBXVariantGroup section */

/* Begin XCBuildConfiguration section */
		CFC20FD31C072BFC0039AA52 /* Debug */ = {
			isa = XCBuildConfiguration;
			buildSettings = {
				ALWAYS_SEARCH_USER_PATHS = NO;
				CLANG_CXX_LANGUAGE_STANDARD = "gnu++0x";
				CLANG_CXX_LIBRARY = "libc++";
				CLANG_ENABLE_MODULES = YES;
				CLANG_ENABLE_OBJC_ARC = YES;
				CLANG_WARN_BOOL_CONVERSION = YES;
				CLANG_WARN_CONSTANT_CONVERSION = YES;
				CLANG_WARN_DIRECT_OBJC_ISA_USAGE = YES_ERROR;
				CLANG_WARN_EMPTY_BODY = YES;
				CLANG_WARN_ENUM_CONVERSION = YES;
				CLANG_WARN_INT_CONVERSION = YES;
				CLANG_WARN_OBJC_ROOT_CLASS = YES_ERROR;
				CLANG_WARN_UNREACHABLE_CODE = YES;
				CLANG_WARN__DUPLICATE_METHOD_MATCH = YES;
				"CODE_SIGN_IDENTITY[sdk=iphoneos*]" = "iPhone Developer";
				COPY_PHASE_STRIP = NO;
				DEBUG_INFORMATION_FORMAT = dwarf;
				ENABLE_STRICT_OBJC_MSGSEND = YES;
				ENABLE_TESTABILITY = YES;
				GCC_C_LANGUAGE_STANDARD = gnu99;
				GCC_DYNAMIC_NO_PIC = NO;
				GCC_NO_COMMON_BLOCKS = YES;
				GCC_OPTIMIZATION_LEVEL = 0;
				GCC_PREPROCESSOR_DEFINITIONS = (
					"DEBUG=1",
					"$(inherited)",
				);
				GCC_WARN_64_TO_32_BIT_CONVERSION = YES;
				GCC_WARN_ABOUT_RETURN_TYPE = YES_ERROR;
				GCC_WARN_UNDECLARED_SELECTOR = YES;
				GCC_WARN_UNINITIALIZED_AUTOS = YES_AGGRESSIVE;
				GCC_WARN_UNUSED_FUNCTION = YES;
				GCC_WARN_UNUSED_VARIABLE = YES;
				IPHONEOS_DEPLOYMENT_TARGET = 9.0;
				MTL_ENABLE_DEBUG_INFO = YES;
				ONLY_ACTIVE_ARCH = YES;
				SDKROOT = iphoneos;
				SWIFT_OPTIMIZATION_LEVEL = "-Onone";
				TARGETED_DEVICE_FAMILY = "1,2";
			};
			name = Debug;
		};
		CFC20FD41C072BFC0039AA52 /* Release */ = {
			isa = XCBuildConfiguration;
			buildSettings = {
				ALWAYS_SEARCH_USER_PATHS = NO;
				CLANG_CXX_LANGUAGE_STANDARD = "gnu++0x";
				CLANG_CXX_LIBRARY = "libc++";
				CLANG_ENABLE_MODULES = YES;
				CLANG_ENABLE_OBJC_ARC = YES;
				CLANG_WARN_BOOL_CONVERSION = YES;
				CLANG_WARN_CONSTANT_CONVERSION = YES;
				CLANG_WARN_DIRECT_OBJC_ISA_USAGE = YES_ERROR;
				CLANG_WARN_EMPTY_BODY = YES;
				CLANG_WARN_ENUM_CONVERSION = YES;
				CLANG_WARN_INT_CONVERSION = YES;
				CLANG_WARN_OBJC_ROOT_CLASS = YES_ERROR;
				CLANG_WARN_UNREACHABLE_CODE = YES;
				CLANG_WARN__DUPLICATE_METHOD_MATCH = YES;
				"CODE_SIGN_IDENTITY[sdk=iphoneos*]" = "iPhone Developer";
				COPY_PHASE_STRIP = NO;
				DEBUG_INFORMATION_FORMAT = "dwarf-with-dsym";
				ENABLE_NS_ASSERTIONS = NO;
				ENABLE_STRICT_OBJC_MSGSEND = YES;
				GCC_C_LANGUAGE_STANDARD = gnu99;
				GCC_NO_COMMON_BLOCKS = YES;
				GCC_WARN_64_TO_32_BIT_CONVERSION = YES;
				GCC_WARN_ABOUT_RETURN_TYPE = YES_ERROR;
				GCC_WARN_UNDECLARED_SELECTOR = YES;
				GCC_WARN_UNINITIALIZED_AUTOS = YES_AGGRESSIVE;
				GCC_WARN_UNUSED_FUNCTION = YES;
				GCC_WARN_UNUSED_VARIABLE = YES;
				IPHONEOS_DEPLOYMENT_TARGET = 9.0;
				MTL_ENABLE_DEBUG_INFO = NO;
				SDKROOT = iphoneos;
				TARGETED_DEVICE_FAMILY = "1,2";
				VALIDATE_PRODUCT = YES;
			};
			name = Release;
		};
		CFC20FD61C072BFC0039AA52 /* Debug */ = {
			isa = XCBuildConfiguration;
			buildSettings = {
				ASSETCATALOG_COMPILER_APPICON_NAME = AppIcon;
				INFOPLIST_FILE = AdvExtraSwift_Lab01/Info.plist;
				LD_RUNPATH_SEARCH_PATHS = "$(inherited) @executable_path/Frameworks";
				PRODUCT_BUNDLE_IDENTIFIER = "SmartAppEDU.AdvExtraSwift-Lab01";
				PRODUCT_NAME = "$(TARGET_NAME)";
			};
			name = Debug;
		};
		CFC20FD71C072BFC0039AA52 /* Release */ = {
			isa = XCBuildConfiguration;
			buildSettings = {
				ASSETCATALOG_COMPILER_APPICON_NAME = AppIcon;
				INFOPLIST_FILE = AdvExtraSwift_Lab01/Info.plist;
				LD_RUNPATH_SEARCH_PATHS = "$(inherited) @executable_path/Frameworks";
				PRODUCT_BUNDLE_IDENTIFIER = "SmartAppEDU.AdvExtraSwift-Lab01";
				PRODUCT_NAME = "$(TARGET_NAME)";
			};
			name = Release;
		};
		CFC20FD91C072BFC0039AA52 /* Debug */ = {
			isa = XCBuildConfiguration;
			buildSettings = {
				BUNDLE_LOADER = "$(TEST_HOST)";
				INFOPLIST_FILE = AdvExtraSwift_Lab01Tests/Info.plist;
				LD_RUNPATH_SEARCH_PATHS = "$(inherited) @executable_path/Frameworks @loader_path/Frameworks";
				PRODUCT_BUNDLE_IDENTIFIER = "SmartAppEDU.AdvExtraSwift-Lab01Tests";
				PRODUCT_NAME = "$(TARGET_NAME)";
				TEST_HOST = "$(BUILT_PRODUCTS_DIR)/AdvExtraSwift_Lab01.app/AdvExtraSwift_Lab01";
			};
			name = Debug;
		};
		CFC20FDA1C072BFC0039AA52 /* Release */ = {
			isa = XCBuildConfiguration;
			buildSettings = {
				BUNDLE_LOADER = "$(TEST_HOST)";
				INFOPLIST_FILE = AdvExtraSwift_Lab01Tests/Info.plist;
				LD_RUNPATH_SEARCH_PATHS = "$(inherited) @executable_path/Frameworks @loader_path/Frameworks";
				PRODUCT_BUNDLE_IDENTIFIER = "SmartAppEDU.AdvExtraSwift-Lab01Tests";
				PRODUCT_NAME = "$(TARGET_NAME)";
				TEST_HOST = "$(BUILT_PRODUCTS_DIR)/AdvExtraSwift_Lab01.app/AdvExtraSwift_Lab01";
			};
			name = Release;
		};
		CFC20FDC1C072BFC0039AA52 /* Debug */ = {
			isa = XCBuildConfiguration;
			buildSettings = {
				INFOPLIST_FILE = AdvExtraSwift_Lab01UITests/Info.plist;
				LD_RUNPATH_SEARCH_PATHS = "$(inherited) @executable_path/Frameworks @loader_path/Frameworks";
				PRODUCT_BUNDLE_IDENTIFIER = "SmartAppEDU.AdvExtraSwift-Lab01UITests";
				PRODUCT_NAME = "$(TARGET_NAME)";
				TEST_TARGET_NAME = AdvExtraSwift_Lab01;
				USES_XCTRUNNER = YES;
			};
			name = Debug;
		};
		CFC20FDD1C072BFC0039AA52 /* Release */ = {
			isa = XCBuildConfiguration;
			buildSettings = {
				INFOPLIST_FILE = AdvExtraSwift_Lab01UITests/Info.plist;
				LD_RUNPATH_SEARCH_PATHS = "$(inherited) @executable_path/Frameworks @loader_path/Frameworks";
				PRODUCT_BUNDLE_IDENTIFIER = "SmartAppEDU.AdvExtraSwift-Lab01UITests";
				PRODUCT_NAME = "$(TARGET_NAME)";
				TEST_TARGET_NAME = AdvExtraSwift_Lab01;
				USES_XCTRUNNER = YES;
			};
			name = Release;
		};
/* End XCBuildConfiguration section */

/* Begin XCConfigurationList section */
		CFC20FA81C072BFB0039AA52 /* Build configuration list for PBXProject "AdvExtraSwift_Lab01" */ = {
			isa = XCConfigurationList;
			buildConfigurations = (
				CFC20FD31C072BFC0039AA52 /* Debug */,
				CFC20FD41C072BFC0039AA52 /* Release */,
			);
			defaultConfigurationIsVisible = 0;
			defaultConfigurationName = Release;
		};
		CFC20FD51C072BFC0039AA52 /* Build configuration list for PBXNativeTarget "AdvExtraSwift_Lab01" */ = {
			isa = XCConfigurationList;
			buildConfigurations = (
				CFC20FD61C072BFC0039AA52 /* Debug */,
				CFC20FD71C072BFC0039AA52 /* Release */,
			);
			defaultConfigurationIsVisible = 0;
		};
		CFC20FD81C072BFC0039AA52 /* Build configuration list for PBXNativeTarget "AdvExtraSwift_Lab01Tests" */ = {
			isa = XCConfigurationList;
			buildConfigurations = (
				CFC20FD91C072BFC0039AA52 /* Debug */,
				CFC20FDA1C072BFC0039AA52 /* Release */,
			);
			defaultConfigurationIsVisible = 0;
		};
		CFC20FDB1C072BFC0039AA52 /* Build configuration list for PBXNativeTarget "AdvExtraSwift_Lab01UITests" */ = {
			isa = XCConfigurationList;
			buildConfigurations = (
				CFC20FDC1C072BFC0039AA52 /* Debug */,
				CFC20FDD1C072BFC0039AA52 /* Release */,
			);
			defaultConfigurationIsVisible = 0;
		};
/* End XCConfigurationList section */
	};
	rootObject = CFC20FA51C072BFB0039AA52 /* Project object */;
}
